
Microsoft Visual Studio Solution File, Format Version 12.00
# Visual Studio Version 16
VisualStudioVersion = 16.0.31829.152
MinimumVisualStudioVersion = 10.0.40219.1
Project("{FAE04EC0-301F-11D3-BF4B-00C04F79EFBC}") = "CafeteriaSISharp", "CafeteriaSISharp\CafeteriaSISharp.csproj", "{C2B76844-20EF-4B05-AE13-4F2EED7A03E7}"
EndProject
Global
	GlobalSection(SolutionConfigurationPlatforms) = preSolution
		Debug|Any CPU = Debug|Any CPU
		Release|Any CPU = Release|Any CPU
	EndGlobalSection
	GlobalSection(ProjectConfigurationPlatforms) = postSolution
		{C2B76844-20EF-4B05-AE13-4F2EED7A03E7}.Debug|Any CPU.ActiveCfg = Debug|Any CPU
		{C2B76844-20EF-4B05-AE13-4F2EED7A03E7}.Debug|Any CPU.Build.0 = Debug|Any CPU
		{C2B76844-20EF-4B05-AE13-4F2EED7A03E7}.Release|Any CPU.ActiveCfg = Release|Any CPU
		{C2B76844-20EF-4B05-AE13-4F2EED7A03E7}.Release|Any CPU.Build.0 = Release|Any CPU
	EndGlobalSection
	GlobalSection(SolutionProperties) = preSolution
		HideSolutionNode = FALSE
	EndGlobalSection
	GlobalSection(ExtensibilityGlobals) = postSolution
		SolutionGuid = {993C2002-3314-44AA-BDD6-B8B279A5363A}
	EndGlobalSection
EndGlobal
